
Microsoft Visual Studio Solution File, Format Version 12.00
# Visual Studio Version 17
VisualStudioVersion = 17.3.32901.215
MinimumVisualStudioVersion = 10.0.40219.1
Project("{FAE04EC0-301F-11D3-BF4B-00C04F79EFBC}") = "WebsocketDemo", "WebsocketDemo\WebsocketDemo.csproj", "{A48E7EFE-A653-448E-A1EC-DE7AC3D46543}"
EndProject
Global
	GlobalSection(SolutionConfigurationPlatforms) = preSolution
		Debug|Any CPU = Debug|Any CPU
		Release|Any CPU = Release|Any CPU
	EndGlobalSection
	GlobalSection(ProjectConfigurationPlatforms) = postSolution
		{A48E7EFE-A653-448E-A1EC-DE7AC3D46543}.Debug|Any CPU.ActiveCfg = Debug|Any CPU
		{A48E7EFE-A653-448E-A1EC-DE7AC3D46543}.Debug|Any CPU.Build.0 = Debug|Any CPU
		{A48E7EFE-A653-448E-A1EC-DE7AC3D46543}.Release|Any CPU.ActiveCfg = Release|Any CPU
		{A48E7EFE-A653-448E-A1EC-DE7AC3D46543}.Release|Any CPU.Build.0 = Release|Any CPU
	EndGlobalSection
	GlobalSection(SolutionProperties) = preSolution
		HideSolutionNode = FALSE
	EndGlobalSection
	GlobalSection(ExtensibilityGlobals) = postSolution
		SolutionGuid = {A10717E0-9500-46B8-B45A-590845F230D3}
	EndGlobalSection
EndGlobal
